
Microsoft Visual Studio Solution File, Format Version 12.00
# Visual Studio Version 17
VisualStudioVersion = 17.11.35222.181
MinimumVisualStudioVersion = 10.0.40219.1
Project("{FAE04EC0-301F-11D3-BF4B-00C04F79EFBC}") = "InventoryAPI", "InventoryAPI\InventoryAPI.csproj", "{8EC40AE2-4F79-42E8-8FA0-D50E3D41A12B}"
EndProject
Global
	GlobalSection(SolutionConfigurationPlatforms) = preSolution
		Debug|Any CPU = Debug|Any CPU
		Release|Any CPU = Release|Any CPU
	EndGlobalSection
	GlobalSection(ProjectConfigurationPlatforms) = postSolution
		{8EC40AE2-4F79-42E8-8FA0-D50E3D41A12B}.Debug|Any CPU.ActiveCfg = Debug|Any CPU
		{8EC40AE2-4F79-42E8-8FA0-D50E3D41A12B}.Debug|Any CPU.Build.0 = Debug|Any CPU
		{8EC40AE2-4F79-42E8-8FA0-D50E3D41A12B}.Release|Any CPU.ActiveCfg = Release|Any CPU
		{8EC40AE2-4F79-42E8-8FA0-D50E3D41A12B}.Release|Any CPU.Build.0 = Release|Any CPU
	EndGlobalSection
	GlobalSection(SolutionProperties) = preSolution
		HideSolutionNode = FALSE
	EndGlobalSection
	GlobalSection(ExtensibilityGlobals) = postSolution
		SolutionGuid = {09178460-9F04-48C4-9373-23A93E0A881C}
	EndGlobalSection
EndGlobal
